
Microsoft Visual Studio Solution File, Format Version 12.00
# Visual Studio Version 16
VisualStudioVersion = 16.0.810.11
MinimumVisualStudioVersion = 10.0.40219.1
Project("{FAE04EC0-301F-11D3-BF4B-00C04F79EFBC}") = "ChristiansoeApp.Android", "ChristiansoeApp.Android\ChristiansoeApp.Android.csproj", "{7DCC8CBA-DACE-4C0B-8FE0-6F40D9957FF7}"
EndProject
Project("{FAE04EC0-301F-11D3-BF4B-00C04F79EFBC}") = "ChristiansoeApp.iOS", "ChristiansoeApp.iOS\ChristiansoeApp.iOS.csproj", "{9EF4E290-1474-4916-B541-E9B81FD565FA}"
EndProject
Project("{FAE04EC0-301F-11D3-BF4B-00C04F79EFBC}") = "ChristiansoeApp", "ChristiansoeApp\ChristiansoeApp.csproj", "{414E2195-5C29-42EB-8635-7CA5BE3701ED}"
EndProject
Global
	GlobalSection(SolutionConfigurationPlatforms) = preSolution
		Debug|Any CPU = Debug|Any CPU
		Release|Any CPU = Release|Any CPU
		Debug|iPhoneSimulator = Debug|iPhoneSimulator
		Release|iPhoneSimulator = Release|iPhoneSimulator
		Debug|iPhone = Debug|iPhone
		Release|iPhone = Release|iPhone
	EndGlobalSection
	GlobalSection(ProjectConfigurationPlatforms) = postSolution
		{7DCC8CBA-DACE-4C0B-8FE0-6F40D9957FF7}.Debug|Any CPU.ActiveCfg = Debug|Any CPU
		{7DCC8CBA-DACE-4C0B-8FE0-6F40D9957FF7}.Debug|Any CPU.Build.0 = Debug|Any CPU
		{7DCC8CBA-DACE-4C0B-8FE0-6F40D9957FF7}.Release|Any CPU.ActiveCfg = Release|Any CPU
		{7DCC8CBA-DACE-4C0B-8FE0-6F40D9957FF7}.Release|Any CPU.Build.0 = Release|Any CPU
		{7DCC8CBA-DACE-4C0B-8FE0-6F40D9957FF7}.Debug|iPhoneSimulator.ActiveCfg = Debug|Any CPU
		{7DCC8CBA-DACE-4C0B-8FE0-6F40D9957FF7}.Debug|iPhoneSimulator.Build.0 = Debug|Any CPU
		{7DCC8CBA-DACE-4C0B-8FE0-6F40D9957FF7}.Release|iPhoneSimulator.ActiveCfg = Release|Any CPU
		{7DCC8CBA-DACE-4C0B-8FE0-6F40D9957FF7}.Release|iPhoneSimulator.Build.0 = Release|Any CPU
		{7DCC8CBA-DACE-4C0B-8FE0-6F40D9957FF7}.Debug|iPhone.ActiveCfg = Debug|Any CPU
		{7DCC8CBA-DACE-4C0B-8FE0-6F40D9957FF7}.Debug|iPhone.Build.0 = Debug|Any CPU
		{7DCC8CBA-DACE-4C0B-8FE0-6F40D9957FF7}.Release|iPhone.ActiveCfg = Release|Any CPU
		{7DCC8CBA-DACE-4C0B-8FE0-6F40D9957FF7}.Release|iPhone.Build.0 = Release|Any CPU
		{9EF4E290-1474-4916-B541-E9B81FD565FA}.Debug|Any CPU.ActiveCfg = Debug|iPhoneSimulator
		{9EF4E290-1474-4916-B541-E9B81FD565FA}.Debug|Any CPU.Build.0 = Debug|iPhoneSimulator
		{9EF4E290-1474-4916-B541-E9B81FD565FA}.Release|Any CPU.ActiveCfg = Release|iPhoneSimulator
		{9EF4E290-1474-4916-B541-E9B81FD565FA}.Release|Any CPU.Build.0 = Release|iPhoneSimulator
		{9EF4E290-1474-4916-B541-E9B81FD565FA}.Debug|iPhoneSimulator.ActiveCfg = Debug|iPhoneSimulator
		{9EF4E290-1474-4916-B541-E9B81FD565FA}.Debug|iPhoneSimulator.Build.0 = Debug|iPhoneSimulator
		{9EF4E290-1474-4916-B541-E9B81FD565FA}.Release|iPhoneSimulator.ActiveCfg = Release|iPhoneSimulator
		{9EF4E290-1474-4916-B541-E9B81FD565FA}.Release|iPhoneSimulator.Build.0 = Release|iPhoneSimulator
		{9EF4E290-1474-4916-B541-E9B81FD565FA}.Debug|iPhone.ActiveCfg = Debug|iPhone
		{9EF4E290-1474-4916-B541-E9B81FD565FA}.Debug|iPhone.Build.0 = Debug|iPhone
		{9EF4E290-1474-4916-B541-E9B81FD565FA}.Release|iPhone.ActiveCfg = Release|iPhone
		{9EF4E290-1474-4916-B541-E9B81FD565FA}.Release|iPhone.Build.0 = Release|iPhone
		{414E2195-5C29-42EB-8635-7CA5BE3701ED}.Debug|Any CPU.ActiveCfg = Debug|Any CPU
		{414E2195-5C29-42EB-8635-7CA5BE3701ED}.Debug|Any CPU.Build.0 = Debug|Any CPU
		{414E2195-5C29-42EB-8635-7CA5BE3701ED}.Release|Any CPU.ActiveCfg = Release|Any CPU
		{414E2195-5C29-42EB-8635-7CA5BE3701ED}.Release|Any CPU.Build.0 = Release|Any CPU
		{414E2195-5C29-42EB-8635-7CA5BE3701ED}.Debug|iPhoneSimulator.ActiveCfg = Debug|Any CPU
		{414E2195-5C29-42EB-8635-7CA5BE3701ED}.Debug|iPhoneSimulator.Build.0 = Debug|Any CPU
		{414E2195-5C29-42EB-8635-7CA5BE3701ED}.Release|iPhoneSimulator.ActiveCfg = Release|Any CPU
		{414E2195-5C29-42EB-8635-7CA5BE3701ED}.Release|iPhoneSimulator.Build.0 = Release|Any CPU
		{414E2195-5C29-42EB-8635-7CA5BE3701ED}.Debug|iPhone.ActiveCfg = Debug|Any CPU
		{414E2195-5C29-42EB-8635-7CA5BE3701ED}.Debug|iPhone.Build.0 = Debug|Any CPU
		{414E2195-5C29-42EB-8635-7CA5BE3701ED}.Release|iPhone.ActiveCfg = Release|Any CPU
		{414E2195-5C29-42EB-8635-7CA5BE3701ED}.Release|iPhone.Build.0 = Release|Any CPU
	EndGlobalSection
	GlobalSection(SolutionProperties) = preSolution
		HideSolutionNode = FALSE
	EndGlobalSection
	GlobalSection(ExtensibilityGlobals) = postSolution
		SolutionGuid = {FC985F2B-6B1A-4102-AF83-84D20636B91A}
	EndGlobalSection
EndGlobal
